// !$*UTF8*$!
{
	archiveVersion = 1;
	classes = {
	};
	objectVersion = 46;
	objects = {

/* Begin PBXBuildFile section */
		249359281CD9BEAF00C208E8 /* main.m in Sources */ = {isa = PBXBuildFile; fileRef = 249359271CD9BEAF00C208E8 /* main.m */; };
		2493592B1CD9BEAF00C208E8 /* AppDelegate.m in Sources */ = {isa = PBXBuildFile; fileRef = 2493592A1CD9BEAF00C208E8 /* AppDelegate.m */; };
		2493592E1CD9BEAF00C208E8 /* ViewController.m in Sources */ = {isa = PBXBuildFile; fileRef = 2493592D1CD9BEAF00C208E8 /* ViewController.m */; };
		249359311CD9BEAF00C208E8 /* Main.storyboard in Resources */ = {isa = PBXBuildFile; fileRef = 2493592F1CD9BEAF00C208E8 /* Main.storyboard */; };
		249359331CD9BEAF00C208E8 /* Assets.xcassets in Resources */ = {isa = PBXBuildFile; fileRef = 249359321CD9BEAF00C208E8 /* Assets.xcassets */; };
		249359361CD9BEAF00C208E8 /* LaunchScreen.storyboard in Resources */ = {isa = PBXBuildFile; fileRef = 249359341CD9BEAF00C208E8 /* LaunchScreen.storyboard */; };
		249359411CD9BEAF00C208E8 /* WeatherAppTests.m in Sources */ = {isa = PBXBuildFile; fileRef = 249359401CD9BEAF00C208E8 /* WeatherAppTests.m */; };
		2493594C1CD9BEB000C208E8 /* WeatherAppUITests.m in Sources */ = {isa = PBXBuildFile; fileRef = 2493594B1CD9BEB000C208E8 /* WeatherAppUITests.m */; };
/* End PBXBuildFile section */

/* Begin PBXContainerItemProxy section */
		2493593D1CD9BEAF00C208E8 /* PBXContainerItemProxy */ = {
			isa = PBXContainerItemProxy;
			containerPortal = 2493591B1CD9BEAF00C208E8 /* Project object */;
			proxyType = 1;
			remoteGlobalIDString = 249359221CD9BEAF00C208E8;
			remoteInfo = WeatherApp;
		};
		249359481CD9BEB000C208E8 /* PBXContainerItemProxy */ = {
			isa = PBXContainerItemProxy;
			containerPortal = 2493591B1CD9BEAF00C208E8 /* Project object */;
			proxyType = 1;
			remoteGlobalIDString = 249359221CD9BEAF00C208E8;
			remoteInfo = WeatherApp;
		};
/* End PBXContainerItemProxy section */

/* Begin PBXFileReference section */
		249359231CD9BEAF00C208E8 /* WeatherApp.app */ = {isa = PBXFileReference; explicitFileType = wrapper.application; includeInIndex = 0; path = WeatherApp.app; sourceTree = BUILT_PRODUCTS_DIR; };
		249359271CD9BEAF00C208E8 /* main.m */ = {isa = PBXFileReference; lastKnownFileType = sourcecode.c.objc; path = main.m; sourceTree = "<group>"; };
		249359291CD9BEAF00C208E8 /* AppDelegate.h */ = {isa = PBXFileReference; lastKnownFileType = sourcecode.c.h; path = AppDelegate.h; sourceTree = "<group>"; };
		2493592A1CD9BEAF00C208E8 /* AppDelegate.m */ = {isa = PBXFileReference; lastKnownFileType = sourcecode.c.objc; path = AppDelegate.m; sourceTree = "<group>"; };
		2493592C1CD9BEAF00C208E8 /* ViewController.h */ = {isa = PBXFileReference; lastKnownFileType = sourcecode.c.h; path = ViewController.h; sourceTree = "<group>"; };
		2493592D1CD9BEAF00C208E8 /* ViewController.m */ = {isa = PBXFileReference; lastKnownFileType = sourcecode.c.objc; path = ViewController.m; sourceTree = "<group>"; };
		249359301CD9BEAF00C208E8 /* Base */ = {isa = PBXFileReference; lastKnownFileType = file.storyboard; name = Base; path = Base.lproj/Main.storyboard; sourceTree = "<group>"; };
		249359321CD9BEAF00C208E8 /* Assets.xcassets */ = {isa = PBXFileReference; lastKnownFileType = folder.assetcatalog; path = Assets.xcassets; sourceTree = "<group>"; };
		249359351CD9BEAF00C208E8 /* Base */ = {isa = PBXFileReference; lastKnownFileType = file.storyboard; name = Base; path = Base.lproj/LaunchScreen.storyboard; sourceTree = "<group>"; };
		249359371CD9BEAF00C208E8 /* Info.plist */ = {isa = PBXFileReference; lastKnownFileType = text.plist.xml; path = Info.plist; sourceTree = "<group>"; };
		2493593C1CD9BEAF00C208E8 /* WeatherAppTests.xctest */ = {isa = PBXFileReference; explicitFileType = wrapper.cfbundle; includeInIndex = 0; path = WeatherAppTests.xctest; sourceTree = BUILT_PRODUCTS_DIR; };
		249359401CD9BEAF00C208E8 /* WeatherAppTests.m */ = {isa = PBXFileReference; lastKnownFileType = sourcecode.c.objc; path = WeatherAppTests.m; sourceTree = "<group>"; };
		249359421CD9BEB000C208E8 /* Info.plist */ = {isa = PBXFileReference; lastKnownFileType = text.plist.xml; path = Info.plist; sourceTree = "<group>"; };
		249359471CD9BEB000C208E8 /* WeatherAppUITests.xctest */ = {isa = PBXFileReference; explicitFileType = wrapper.cfbundle; includeInIndex = 0; path = WeatherAppUITests.xctest; sourceTree = BUILT_PRODUCTS_DIR; };
		2493594B1CD9BEB000C208E8 /* WeatherAppUITests.m */ = {isa = PBXFileReference; lastKnownFileType = sourcecode.c.objc; path = WeatherAppUITests.m; sourceTree = "<group>"; };
		2493594D1CD9BEB000C208E8 /* Info.plist */ = {isa = PBXFileReference; lastKnownFileType = text.plist.xml; path = Info.plist; sourceTree = "<group>"; };
/* End PBXFileReference section */

/* Begin PBXFrameworksBuildPhase section */
		249359201CD9BEAF00C208E8 /* Frameworks */ = {
			isa = PBXFrameworksBuildPhase;
			buildActionMask = 2147483647;
			files = (
			);
			runOnlyForDeploymentPostprocessing = 0;
		};
		249359391CD9BEAF00C208E8 /* Frameworks */ = {
			isa = PBXFrameworksBuildPhase;
			buildActionMask = 2147483647;
			files = (
			);
			runOnlyForDeploymentPostprocessing = 0;
		};
		249359441CD9BEB000C208E8 /* Frameworks */ = {
			isa = PBXFrameworksBuildPhase;
			buildActionMask = 2147483647;
			files = (
			);
			runOnlyForDeploymentPostprocessing = 0;
		};
/* End PBXFrameworksBuildPhase section */

/* Begin PBXGroup section */
		2493591A1CD9BEAF00C208E8 = {
			isa = PBXGroup;
			children = (
				249359251CD9BEAF00C208E8 /* WeatherApp */,
				2493593F1CD9BEAF00C208E8 /* WeatherAppTests */,
				2493594A1CD9BEB000C208E8 /* WeatherAppUITests */,
				249359241CD9BEAF00C208E8 /* Products */,
			);
			sourceTree = "<group>";
		};
		249359241CD9BEAF00C208E8 /* Products */ = {
			isa = PBXGroup;
			children = (
				249359231CD9BEAF00C208E8 /* WeatherApp.app */,
				2493593C1CD9BEAF00C208E8 /* WeatherAppTests.xctest */,
				249359471CD9BEB000C208E8 /* WeatherAppUITests.xctest */,
			);
			name = Products;
			sourceTree = "<group>";
		};
		249359251CD9BEAF00C208E8 /* WeatherApp */ = {
			isa = PBXGroup;
			children = (
				249359291CD9BEAF00C208E8 /* AppDelegate.h */,
				2493592A1CD9BEAF00C208E8 /* AppDelegate.m */,
				2493592C1CD9BEAF00C208E8 /* ViewController.h */,
				2493592D1CD9BEAF00C208E8 /* ViewController.m */,
				2493592F1CD9BEAF00C208E8 /* Main.storyboard */,
				249359321CD9BEAF00C208E8 /* Assets.xcassets */,
				249359341CD9BEAF00C208E8 /* LaunchScreen.storyboard */,
				249359371CD9BEAF00C208E8 /* Info.plist */,
				249359261CD9BEAF00C208E8 /* Supporting Files */,
			);
			path = WeatherApp;
			sourceTree = "<group>";
		};
		249359261CD9BEAF00C208E8 /* Supporting Files */ = {
			isa = PBXGroup;
			children = (
				249359271CD9BEAF00C208E8 /* main.m */,
			);
			name = "Supporting Files";
			sourceTree = "<group>";
		};
		2493593F1CD9BEAF00C208E8 /* WeatherAppTests */ = {
			isa = PBXGroup;
			children = (
				249359401CD9BEAF00C208E8 /* WeatherAppTests.m */,
				249359421CD9BEB000C208E8 /* Info.plist */,
			);
			path = WeatherAppTests;
			sourceTree = "<group>";
		};
		2493594A1CD9BEB000C208E8 /* WeatherAppUITests */ = {
			isa = PBXGroup;
			children = (
				2493594B1CD9BEB000C208E8 /* WeatherAppUITests.m */,
				2493594D1CD9BEB000C208E8 /* Info.plist */,
			);
			path = WeatherAppUITests;
			sourceTree = "<group>";
		};
/* End PBXGroup section */

/* Begin PBXNativeTarget section */
		249359221CD9BEAF00C208E8 /* WeatherApp */ = {
			isa = PBXNativeTarget;
			buildConfigurationList = 249359501CD9BEB000C208E8 /* Build configuration list for PBXNativeTarget "WeatherApp" */;
			buildPhases = (
				2493591F1CD9BEAF00C208E8 /* Sources */,
				249359201CD9BEAF00C208E8 /* Frameworks */,
				249359211CD9BEAF00C208E8 /* Resources */,
			);
			buildRules = (
			);
			dependencies = (
			);
			name = WeatherApp;
			productName = WeatherApp;
			productReference = 249359231CD9BEAF00C208E8 /* WeatherApp.app */;
			productType = "com.apple.product-type.application";
		};
		2493593B1CD9BEAF00C208E8 /* WeatherAppTests */ = {
			isa = PBXNativeTarget;
			buildConfigurationList = 249359531CD9BEB000C208E8 /* Build configuration list for PBXNativeTarget "WeatherAppTests" */;
			buildPhases = (
				249359381CD9BEAF00C208E8 /* Sources */,
				249359391CD9BEAF00C208E8 /* Frameworks */,
				2493593A1CD9BEAF00C208E8 /* Resources */,
			);
			buildRules = (
			);
			dependencies = (
				2493593E1CD9BEAF00C208E8 /* PBXTargetDependency */,
			);
			name = WeatherAppTests;
			productName = WeatherAppTests;
			productReference = 2493593C1CD9BEAF00C208E8 /* WeatherAppTests.xctest */;
			productType = "com.apple.product-type.bundle.unit-test";
		};
		249359461CD9BEB000C208E8 /* WeatherAppUITests */ = {
			isa = PBXNativeTarget;
			buildConfigurationList = 249359561CD9BEB000C208E8 /* Build configuration list for PBXNativeTarget "WeatherAppUITests" */;
			buildPhases = (
				249359431CD9BEB000C208E8 /* Sources */,
				249359441CD9BEB000C208E8 /* Frameworks */,
				249359451CD9BEB000C208E8 /* Resources */,
			);
			buildRules = (
			);
			dependencies = (
				249359491CD9BEB000C208E8 /* PBXTargetDependency */,
			);
			name = WeatherAppUITests;
			productName = WeatherAppUITests;
			productReference = 249359471CD9BEB000C208E8 /* WeatherAppUITests.xctest */;
			productType = "com.apple.product-type.bundle.ui-testing";
		};
/* End PBXNativeTarget section */

/* Begin PBXProject section */
		2493591B1CD9BEAF00C208E8 /* Project object */ = {
			isa = PBXProject;
			attributes = {
				LastUpgradeCheck = 0730;
				ORGANIZATIONNAME = com.zy.weather;
				TargetAttributes = {
					249359221CD9BEAF00C208E8 = {
						CreatedOnToolsVersion = 7.3;
					};
					2493593B1CD9BEAF00C208E8 = {
						CreatedOnToolsVersion = 7.3;
						TestTargetID = 249359221CD9BEAF00C208E8;
					};
					249359461CD9BEB000C208E8 = {
						CreatedOnToolsVersion = 7.3;
						TestTargetID = 249359221CD9BEAF00C208E8;
					};
				};
			};
			buildConfigurationList = 2493591E1CD9BEAF00C208E8 /* Build configuration list for PBXProject "WeatherApp" */;
			compatibilityVersion = "Xcode 3.2";
			developmentRegion = English;
			hasScannedForEncodings = 0;
			knownRegions = (
				en,
				Base,
			);
			mainGroup = 2493591A1CD9BEAF00C208E8;
			productRefGroup = 249359241CD9BEAF00C208E8 /* Products */;
			projectDirPath = "";
			projectRoot = "";
			targets = (
				249359221CD9BEAF00C208E8 /* WeatherApp */,
				2493593B1CD9BEAF00C208E8 /* WeatherAppTests */,
				249359461CD9BEB000C208E8 /* WeatherAppUITests */,
			);
		};
/* End PBXProject section */

/* Begin PBXResourcesBuildPhase section */
		249359211CD9BEAF00C208E8 /* Resources */ = {
			isa = PBXResourcesBuildPhase;
			buildActionMask = 2147483647;
			files = (
				249359361CD9BEAF00C208E8 /* LaunchScreen.storyboard in Resources */,
				249359331CD9BEAF00C208E8 /* Assets.xcassets in Resources */,
				249359311CD9BEAF00C208E8 /* Main.storyboard in Resources */,
			);
			runOnlyForDeploymentPostprocessing = 0;
		};
		2493593A1CD9BEAF00C208E8 /* Resources */ = {
			isa = PBXResourcesBuildPhase;
			buildActionMask = 2147483647;
			files = (
			);
			runOnlyForDeploymentPostprocessing = 0;
		};
		249359451CD9BEB000C208E8 /* Resources */ = {
			isa = PBXResourcesBuildPhase;
			buildActionMask = 2147483647;
			files = (
			);
			runOnlyForDeploymentPostprocessing = 0;
		};
/* End PBXResourcesBuildPhase section */

/* Begin PBXSourcesBuildPhase section */
		2493591F1CD9BEAF00C208E8 /* Sources */ = {
			isa = PBXSourcesBuildPhase;
			buildActionMask = 2147483647;
			files = (
				2493592E1CD9BEAF00C208E8 /* ViewController.m in Sources */,
				2493592B1CD9BEAF00C208E8 /* AppDelegate.m in Sources */,
				249359281CD9BEAF00C208E8 /* main.m in Sources */,
			);
			runOnlyForDeploymentPostprocessing = 0;
		};
		249359381CD9BEAF00C208E8 /* Sources */ = {
			isa = PBXSourcesBuildPhase;
			buildActionMask = 2147483647;
			files = (
				249359411CD9BEAF00C208E8 /* WeatherAppTests.m in Sources */,
			);
			runOnlyForDeploymentPostprocessing = 0;
		};
		249359431CD9BEB000C208E8 /* Sources */ = {
			isa = PBXSourcesBuildPhase;
			buildActionMask = 2147483647;
			files = (
				2493594C1CD9BEB000C208E8 /* WeatherAppUITests.m in Sources */,
			);
			runOnlyForDeploymentPostprocessing = 0;
		};
/* End PBXSourcesBuildPhase section */

/* Begin PBXTargetDependency section */
		2493593E1CD9BEAF00C208E8 /* PBXTargetDependency */ = {
			isa = PBXTargetDependency;
			target = 249359221CD9BEAF00C208E8 /* WeatherApp */;
			targetProxy = 2493593D1CD9BEAF00C208E8 /* PBXContainerItemProxy */;
		};
		249359491CD9BEB000C208E8 /* PBXTargetDependency */ = {
			isa = PBXTargetDependency;
			target = 249359221CD9BEAF00C208E8 /* WeatherApp */;
			targetProxy = 249359481CD9BEB000C208E8 /* PBXContainerItemProxy */;
		};
/* End PBXTargetDependency section */

/* Begin PBXVariantGroup section */
		2493592F1CD9BEAF00C208E8 /* Main.storyboard */ = {
			isa = PBXVariantGroup;
			children = (
				249359301CD9BEAF00C208E8 /* Base */,
			);
			name = Main.storyboard;
			sourceTree = "<group>";
		};
		249359341CD9BEAF00C208E8 /* LaunchScreen.storyboard */ = {
			isa = PBXVariantGroup;
			children = (
				249359351CD9BEAF00C208E8 /* Base */,
			);
			name = LaunchScreen.storyboard;
			sourceTree = "<group>";
		};
/* End PBXVariantGroup section */

/* Begin XCBuildConfiguration section */
		2493594E1CD9BEB000C208E8 /* Debug */ = {
			isa = XCBuildConfiguration;
			buildSettings = {
				ALWAYS_SEARCH_USER_PATHS = NO;
				CLANG_ANALYZER_NONNULL = YES;
				CLANG_CXX_LANGUAGE_STANDARD = "gnu++0x";
				CLANG_CXX_LIBRARY = "libc++";
				CLANG_ENABLE_MODULES = YES;
				CLANG_ENABLE_OBJC_ARC = YES;
				CLANG_WARN_BOOL_CONVERSION = YES;
				CLANG_WARN_CONSTANT_CONVERSION = YES;
				CLANG_WARN_DIRECT_OBJC_ISA_USAGE = YES_ERROR;
				CLANG_WARN_EMPTY_BODY = YES;
				CLANG_WARN_ENUM_CONVERSION = YES;
				CLANG_WARN_INT_CONVERSION = YES;
				CLANG_WARN_OBJC_ROOT_CLASS = YES_ERROR;
				CLANG_WARN_UNREACHABLE_CODE = YES;
				CLANG_WARN__DUPLICATE_METHOD_MATCH = YES;
				"CODE_SIGN_IDENTITY[sdk=iphoneos*]" = "iPhone Developer";
				COPY_PHASE_STRIP = NO;
				DEBUG_INFORMATION_FORMAT = dwarf;
				ENABLE_STRICT_OBJC_MSGSEND = YES;
				ENABLE_TESTABILITY = YES;
				GCC_C_LANGUAGE_STANDARD = gnu99;
				GCC_DYNAMIC_NO_PIC = NO;
				GCC_NO_COMMON_BLOCKS = YES;
				GCC_OPTIMIZATION_LEVEL = 0;
				GCC_PREPROCESSOR_DEFINITIONS = (
					"DEBUG=1",
					"$(inherited)",
				);
				GCC_WARN_64_TO_32_BIT_CONVERSION = YES;
				GCC_WARN_ABOUT_RETURN_TYPE = YES_ERROR;
				GCC_WARN_UNDECLARED_SELECTOR = YES;
				GCC_WARN_UNINITIALIZED_AUTOS = YES_AGGRESSIVE;
				GCC_WARN_UNUSED_FUNCTION = YES;
				GCC_WARN_UNUSED_VARIABLE = YES;
				IPHONEOS_DEPLOYMENT_TARGET = 9.3;
				MTL_ENABLE_DEBUG_INFO = YES;
				ONLY_ACTIVE_ARCH = YES;
				SDKROOT = iphoneos;
				TARGETED_DEVICE_FAMILY = "1,2";
			};
			name = Debug;
		};
		2493594F1CD9BEB000C208E8 /* Release */ = {
			isa = XCBuildConfiguration;
			buildSettings = {
				ALWAYS_SEARCH_USER_PATHS = NO;
				CLANG_ANALYZER_NONNULL = YES;
				CLANG_CXX_LANGUAGE_STANDARD = "gnu++0x";
				CLANG_CXX_LIBRARY = "libc++";
				CLANG_ENABLE_MODULES = YES;
				CLANG_ENABLE_OBJC_ARC = YES;
				CLANG_WARN_BOOL_CONVERSION = YES;
				CLANG_WARN_CONSTANT_CONVERSION = YES;
				CLANG_WARN_DIRECT_OBJC_ISA_USAGE = YES_ERROR;
				CLANG_WARN_EMPTY_BODY = YES;
				CLANG_WARN_ENUM_CONVERSION = YES;
				CLANG_WARN_INT_CONVERSION = YES;
				CLANG_WARN_OBJC_ROOT_CLASS = YES_ERROR;
				CLANG_WARN_UNREACHABLE_CODE = YES;
				CLANG_WARN__DUPLICATE_METHOD_MATCH = YES;
				"CODE_SIGN_IDENTITY[sdk=iphoneos*]" = "iPhone Developer";
				COPY_PHASE_STRIP = NO;
				DEBUG_INFORMATION_FORMAT = "dwarf-with-dsym";
				ENABLE_NS_ASSERTIONS = NO;
				ENABLE_STRICT_OBJC_MSGSEND = YES;
				GCC_C_LANGUAGE_STANDARD = gnu99;
				GCC_NO_COMMON_BLOCKS = YES;
				GCC_WARN_64_TO_32_BIT_CONVERSION = YES;
				GCC_WARN_ABOUT_RETURN_TYPE = YES_ERROR;
				GCC_WARN_UNDECLARED_SELECTOR = YES;
				GCC_WARN_UNINITIALIZED_AUTOS = YES_AGGRESSIVE;
				GCC_WARN_UNUSED_FUNCTION = YES;
				GCC_WARN_UNUSED_VARIABLE = YES;
				IPHONEOS_DEPLOYMENT_TARGET = 9.3;
				MTL_ENABLE_DEBUG_INFO = NO;
				SDKROOT = iphoneos;
				TARGETED_DEVICE_FAMILY = "1,2";
				VALIDATE_PRODUCT = YES;
			};
			name = Release;
		};
		249359511CD9BEB000C208E8 /* Debug */ = {
			isa = XCBuildConfiguration;
			buildSettings = {
				ASSETCATALOG_COMPILER_APPICON_NAME = AppIcon;
				INFOPLIST_FILE = WeatherApp/Info.plist;
				LD_RUNPATH_SEARCH_PATHS = "$(inherited) @executable_path/Frameworks";
				PRODUCT_BUNDLE_IDENTIFIER = com.zy.weather.WeatherApp;
				PRODUCT_NAME = "$(TARGET_NAME)";
			};
			name = Debug;
		};
		249359521CD9BEB000C208E8 /* Release */ = {
			isa = XCBuildConfiguration;
			buildSettings = {
				ASSETCATALOG_COMPILER_APPICON_NAME = AppIcon;
				INFOPLIST_FILE = WeatherApp/Info.plist;
				LD_RUNPATH_SEARCH_PATHS = "$(inherited) @executable_path/Frameworks";
				PRODUCT_BUNDLE_IDENTIFIER = com.zy.weather.WeatherApp;
				PRODUCT_NAME = "$(TARGET_NAME)";
			};
			name = Release;
		};
		249359541CD9BEB000C208E8 /* Debug */ = {
			isa = XCBuildConfiguration;
			buildSettings = {
				BUNDLE_LOADER = "$(TEST_HOST)";
				INFOPLIST_FILE = WeatherAppTests/Info.plist;
				LD_RUNPATH_SEARCH_PATHS = "$(inherited) @executable_path/Frameworks @loader_path/Frameworks";
				PRODUCT_BUNDLE_IDENTIFIER = com.zy.weather.WeatherAppTests;
				PRODUCT_NAME = "$(TARGET_NAME)";
				TEST_HOST = "$(BUILT_PRODUCTS_DIR)/WeatherApp.app/WeatherApp";
			};
			name = Debug;
		};
		249359551CD9BEB000C208E8 /* Release */ = {
			isa = XCBuildConfiguration;
			buildSettings = {
				BUNDLE_LOADER = "$(TEST_HOST)";
				INFOPLIST_FILE = WeatherAppTests/Info.plist;
				LD_RUNPATH_SEARCH_PATHS = "$(inherited) @executable_path/Frameworks @loader_path/Frameworks";
				PRODUCT_BUNDLE_IDENTIFIER = com.zy.weather.WeatherAppTests;
				PRODUCT_NAME = "$(TARGET_NAME)";
				TEST_HOST = "$(BUILT_PRODUCTS_DIR)/WeatherApp.app/WeatherApp";
			};
			name = Release;
		};
		249359571CD9BEB000C208E8 /* Debug */ = {
			isa = XCBuildConfiguration;
			buildSettings = {
				INFOPLIST_FILE = WeatherAppUITests/Info.plist;
				LD_RUNPATH_SEARCH_PATHS = "$(inherited) @executable_path/Frameworks @loader_path/Frameworks";
				PRODUCT_BUNDLE_IDENTIFIER = com.zy.weather.WeatherAppUITests;
				PRODUCT_NAME = "$(TARGET_NAME)";
				TEST_TARGET_NAME = WeatherApp;
			};
			name = Debug;
		};
		249359581CD9BEB000C208E8 /* Release */ = {
			isa = XCBuildConfiguration;
			buildSettings = {
				INFOPLIST_FILE = WeatherAppUITests/Info.plist;
				LD_RUNPATH_SEARCH_PATHS = "$(inherited) @executable_path/Frameworks @loader_path/Frameworks";
				PRODUCT_BUNDLE_IDENTIFIER = com.zy.weather.WeatherAppUITests;
				PRODUCT_NAME = "$(TARGET_NAME)";
				TEST_TARGET_NAME = WeatherApp;
			};
			name = Release;
		};
/* End XCBuildConfiguration section */

/* Begin XCConfigurationList section */
		2493591E1CD9BEAF00C208E8 /* Build configuration list for PBXProject "WeatherApp" */ = {
			isa = XCConfigurationList;
			buildConfigurations = (
				2493594E1CD9BEB000C208E8 /* Debug */,
				2493594F1CD9BEB000C208E8 /* Release */,
			);
			defaultConfigurationIsVisible = 0;
			defaultConfigurationName = Release;
		};
		249359501CD9BEB000C208E8 /* Build configuration list for PBXNativeTarget "WeatherApp" */ = {
			isa = XCConfigurationList;
			buildConfigurations = (
				249359511CD9BEB000C208E8 /* Debug */,
				249359521CD9BEB000C208E8 /* Release */,
			);
			defaultConfigurationIsVisible = 0;
		};
		249359531CD9BEB000C208E8 /* Build configuration list for PBXNativeTarget "WeatherAppTests" */ = {
			isa = XCConfigurationList;
			buildConfigurations = (
				249359541CD9BEB000C208E8 /* Debug */,
				249359551CD9BEB000C208E8 /* Release */,
			);
			defaultConfigurationIsVisible = 0;
		};
		249359561CD9BEB000C208E8 /* Build configuration list for PBXNativeTarget "WeatherAppUITests" */ = {
			isa = XCConfigurationList;
			buildConfigurations = (
				249359571CD9BEB000C208E8 /* Debug */,
				249359581CD9BEB000C208E8 /* Release */,
			);
			defaultConfigurationIsVisible = 0;
		};
/* End XCConfigurationList section */
	};
	rootObject = 2493591B1CD9BEAF00C208E8 /* Project object */;
}
